// !$*UTF8*$!
{
	archiveVersion = 1;
	classes = {
	};
	objectVersion = 77;
	objects = {

/* Begin PBXContainerItemProxy section */
		95EA0D0B2F0524A5007BD420 /* PBXContainerItemProxy */ = {
			isa = PBXContainerItemProxy;
			containerPortal = 95EA0CF02F0524A4007BD420 /* Project object */;
			proxyType = 1;
			remoteGlobalIDString = 95EA0CF72F0524A4007BD420;
			remoteInfo = SmartTaskInsightTracker;
		};
		95EA0D152F0524A5007BD420 /* PBXContainerItemProxy */ = {
			isa = PBXContainerItemProxy;
			containerPortal = 95EA0CF02F0524A4007BD420 /* Project object */;
			proxyType = 1;
			remoteGlobalIDString = 95EA0CF72F0524A4007BD420;
			remoteInfo = SmartTaskInsightTracker;
		};
/* End PBXContainerItemProxy section */

/* Begin PBXFileReference section */
		95EA0CF82F0524A4007BD420 /* SmartTaskInsightTracker.app */ = {isa = PBXFileReference; explicitFileType = wrapper.application; includeInIndex = 0; path = SmartTaskInsightTracker.app; sourceTree = BUILT_PRODUCTS_DIR; };
		95EA0D0A2F0524A5007BD420 /* SmartTaskInsightTrackerTests.xctest */ = {isa = PBXFileReference; explicitFileType = wrapper.cfbundle; includeInIndex = 0; path = SmartTaskInsightTrackerTests.xctest; sourceTree = BUILT_PRODUCTS_DIR; };
		95EA0D142F0524A5007BD420 /* SmartTaskInsightTrackerUITests.xctest */ = {isa = PBXFileReference; explicitFileType = wrapper.cfbundle; includeInIndex = 0; path = SmartTaskInsightTrackerUITests.xctest; sourceTree = BUILT_PRODUCTS_DIR; };
/* End PBXFileReference section */

/* Begin PBXFileSystemSynchronizedBuildFileExceptionSet section */
		95EA0DEC2F0552B9007BD420 /* Exceptions for "SmartTaskInsightTracker" folder in "SmartTaskInsightTracker" target */ = {
			isa = PBXFileSystemSynchronizedBuildFileExceptionSet;
			membershipExceptions = (
				Info.plist,
			);
			target = 95EA0CF72F0524A4007BD420 /* SmartTaskInsightTracker */;
		};
/* End PBXFileSystemSynchronizedBuildFileExceptionSet section */

/* Begin PBXFileSystemSynchronizedRootGroup section */
		95EA0CFA2F0524A4007BD420 /* SmartTaskInsightTracker */ = {
			isa = PBXFileSystemSynchronizedRootGroup;
			exceptions = (
				95EA0DEC2F0552B9007BD420 /* Exceptions for "SmartTaskInsightTracker" folder in "SmartTaskInsightTracker" target */,
			);
			path = SmartTaskInsightTracker;
			sourceTree = "<group>";
		};
		95EA0D0D2F0524A5007BD420 /* SmartTaskInsightTrackerTests */ = {
			isa = PBXFileSystemSynchronizedRootGroup;
			path = SmartTaskInsightTrackerTests;
			sourceTree = "<group>";
		};
		95EA0D172F0524A5007BD420 /* SmartTaskInsightTrackerUITests */ = {
			isa = PBXFileSystemSynchronizedRootGroup;
			path = SmartTaskInsightTrackerUITests;
			sourceTree = "<group>";
		};
/* End PBXFileSystemSynchronizedRootGroup section */

/* Begin PBXFrameworksBuildPhase section */
		95EA0CF52F0524A4007BD420 /* Frameworks */ = {
			isa = PBXFrameworksBuildPhase;
			buildActionMask = 2147483647;
			files = (
			);
			runOnlyForDeploymentPostprocessing = 0;
		};
		95EA0D072F0524A5007BD420 /* Frameworks */ = {
			isa = PBXFrameworksBuildPhase;
			buildActionMask = 2147483647;
			files = (
			);
			runOnlyForDeploymentPostprocessing = 0;
		};
		95EA0D112F0524A5007BD420 /* Frameworks */ = {
			isa = PBXFrameworksBuildPhase;
			buildActionMask = 2147483647;
			files = (
			);
			runOnlyForDeploymentPostprocessing = 0;
		};
/* End PBXFrameworksBuildPhase section */

/* Begin PBXGroup section */
		95EA0CEF2F0524A4007BD420 = {
			isa = PBXGroup;
			children = (
				95EA0CFA2F0524A4007BD420 /* SmartTaskInsightTracker */,
				95EA0D0D2F0524A5007BD420 /* SmartTaskInsightTrackerTests */,
				95EA0D172F0524A5007BD420 /* SmartTaskInsightTrackerUITests */,
				95EA0CF92F0524A4007BD420 /* Products */,
			);
			sourceTree = "<group>";
		};
		95EA0CF92F0524A4007BD420 /* Products */ = {
			isa = PBXGroup;
			children = (
				95EA0CF82F0524A4007BD420 /* SmartTaskInsightTracker.app */,
				95EA0D0A2F0524A5007BD420 /* SmartTaskInsightTrackerTests.xctest */,
				95EA0D142F0524A5007BD420 /* SmartTaskInsightTrackerUITests.xctest */,
			);
			name = Products;
			sourceTree = "<group>";
		};
/* End PBXGroup section */

/* Begin PBXNativeTarget section */
		95EA0CF72F0524A4007BD420 /* SmartTaskInsightTracker */ = {
			isa = PBXNativeTarget;
			buildConfigurationList = 95EA0D1E2F0524A5007BD420 /* Build configuration list for PBXNativeTarget "SmartTaskInsightTracker" */;
			buildPhases = (
				95EA0CF42F0524A4007BD420 /* Sources */,
				95EA0CF52F0524A4007BD420 /* Frameworks */,
				95EA0CF62F0524A4007BD420 /* Resources */,
				95EA0D4D2F05258C007BD420 /* SwiftGen */,
			);
			buildRules = (
			);
			dependencies = (
			);
			fileSystemSynchronizedGroups = (
				95EA0CFA2F0524A4007BD420 /* SmartTaskInsightTracker */,
			);
			name = SmartTaskInsightTracker;
			packageProductDependencies = (
			);
			productName = SmartTaskInsightTracker;
			productReference = 95EA0CF82F0524A4007BD420 /* SmartTaskInsightTracker.app */;
			productType = "com.apple.product-type.application";
		};
		95EA0D092F0524A5007BD420 /* SmartTaskInsightTrackerTests */ = {
			isa = PBXNativeTarget;
			buildConfigurationList = 95EA0D212F0524A5007BD420 /* Build configuration list for PBXNativeTarget "SmartTaskInsightTrackerTests" */;
			buildPhases = (
				95EA0D062F0524A5007BD420 /* Sources */,
				95EA0D072F0524A5007BD420 /* Frameworks */,
				95EA0D082F0524A5007BD420 /* Resources */,
			);
			buildRules = (
			);
			dependencies = (
				95EA0D0C2F0524A5007BD420 /* PBXTargetDependency */,
			);
			fileSystemSynchronizedGroups = (
				95EA0D0D2F0524A5007BD420 /* SmartTaskInsightTrackerTests */,
			);
			name = SmartTaskInsightTrackerTests;
			packageProductDependencies = (
			);
			productName = SmartTaskInsightTrackerTests;
			productReference = 95EA0D0A2F0524A5007BD420 /* SmartTaskInsightTrackerTests.xctest */;
			productType = "com.apple.product-type.bundle.unit-test";
		};
		95EA0D132F0524A5007BD420 /* SmartTaskInsightTrackerUITests */ = {
			isa = PBXNativeTarget;
			buildConfigurationList = 95EA0D242F0524A5007BD420 /* Build configuration list for PBXNativeTarget "SmartTaskInsightTrackerUITests" */;
			buildPhases = (
				95EA0D102F0524A5007BD420 /* Sources */,
				95EA0D112F0524A5007BD420 /* Frameworks */,
				95EA0D122F0524A5007BD420 /* Resources */,
			);
			buildRules = (
			);
			dependencies = (
				95EA0D162F0524A5007BD420 /* PBXTargetDependency */,
			);
			fileSystemSynchronizedGroups = (
				95EA0D172F0524A5007BD420 /* SmartTaskInsightTrackerUITests */,
			);
			name = SmartTaskInsightTrackerUITests;
			packageProductDependencies = (
			);
			productName = SmartTaskInsightTrackerUITests;
			productReference = 95EA0D142F0524A5007BD420 /* SmartTaskInsightTrackerUITests.xctest */;
			productType = "com.apple.product-type.bundle.ui-testing";
		};
/* End PBXNativeTarget section */

/* Begin PBXProject section */
		95EA0CF02F0524A4007BD420 /* Project object */ = {
			isa = PBXProject;
			attributes = {
				BuildIndependentTargetsInParallel = 1;
				LastSwiftUpdateCheck = 1640;
				LastUpgradeCheck = 1640;
				TargetAttributes = {
					95EA0CF72F0524A4007BD420 = {
						CreatedOnToolsVersion = 16.4;
					};
					95EA0D092F0524A5007BD420 = {
						CreatedOnToolsVersion = 16.4;
						TestTargetID = 95EA0CF72F0524A4007BD420;
					};
					95EA0D132F0524A5007BD420 = {
						CreatedOnToolsVersion = 16.4;
						TestTargetID = 95EA0CF72F0524A4007BD420;
					};
				};
			};
			buildConfigurationList = 95EA0CF32F0524A4007BD420 /* Build configuration list for PBXProject "SmartTaskInsightTracker" */;
			developmentRegion = en;
			hasScannedForEncodings = 0;
			knownRegions = (
				en,
				Base,
			);
			mainGroup = 95EA0CEF2F0524A4007BD420;
			minimizedProjectReferenceProxies = 1;
			preferredProjectObjectVersion = 77;
			productRefGroup = 95EA0CF92F0524A4007BD420 /* Products */;
			projectDirPath = "";
			projectRoot = "";
			targets = (
				95EA0CF72F0524A4007BD420 /* SmartTaskInsightTracker */,
				95EA0D092F0524A5007BD420 /* SmartTaskInsightTrackerTests */,
				95EA0D132F0524A5007BD420 /* SmartTaskInsightTrackerUITests */,
			);
		};
/* End PBXProject section */

/* Begin PBXResourcesBuildPhase section */
		95EA0CF62F0524A4007BD420 /* Resources */ = {
			isa = PBXResourcesBuildPhase;
			buildActionMask = 2147483647;
			files = (
			);
			runOnlyForDeploymentPostprocessing = 0;
		};
		95EA0D082F0524A5007BD420 /* Resources */ = {
			isa = PBXResourcesBuildPhase;
			buildActionMask = 2147483647;
			files = (
			);
			runOnlyForDeploymentPostprocessing = 0;
		};
		95EA0D122F0524A5007BD420 /* Resources */ = {
			isa = PBXResourcesBuildPhase;
			buildActionMask = 2147483647;
			files = (
			);
			runOnlyForDeploymentPostprocessing = 0;
		};
/* End PBXResourcesBuildPhase section */

/* Begin PBXShellScriptBuildPhase section */
		95EA0D4D2F05258C007BD420 /* SwiftGen */ = {
			isa = PBXShellScriptBuildPhase;
			buildActionMask = 2147483647;
			files = (
			);
			inputFileListPaths = (
			);
			inputPaths = (
			);
			name = SwiftGen;
			outputFileListPaths = (
			);
			outputPaths = (
			);
			runOnlyForDeploymentPostprocessing = 0;
			shellPath = /bin/sh;
			shellScript = "echo \"Running SwiftGen with specified swiftgen.yml...\"\n \n# Adds support for Apple Silicon brew directory\nexport PATH=\"$PATH:/opt/homebrew/bin\"\n \nif which swiftgen >/dev/null; then\n  swiftgen config run --verbose --config \"${PROJECT_DIR}/SmartTaskInsightTracker/Resources/SwiftGen/swiftgen.yml\"\nelse\n  echo \"warning: SwiftGen not installed, download it from https://github.com/SwiftGen/SwiftGen\"\nfi\n";
		};
/* End PBXShellScriptBuildPhase section */

/* Begin PBXSourcesBuildPhase section */
		95EA0CF42F0524A4007BD420 /* Sources */ = {
			isa = PBXSourcesBuildPhase;
			buildActionMask = 2147483647;
			files = (
			);
			runOnlyForDeploymentPostprocessing = 0;
		};
		95EA0D062F0524A5007BD420 /* Sources */ = {
			isa = PBXSourcesBuildPhase;
			buildActionMask = 2147483647;
			files = (
			);
			runOnlyForDeploymentPostprocessing = 0;
		};
		95EA0D102F0524A5007BD420 /* Sources */ = {
			isa = PBXSourcesBuildPhase;
			buildActionMask = 2147483647;
			files = (
			);
			runOnlyForDeploymentPostprocessing = 0;
		};
/* End PBXSourcesBuildPhase section */

/* Begin PBXTargetDependency section */
		95EA0D0C2F0524A5007BD420 /* PBXTargetDependency */ = {
			isa = PBXTargetDependency;
			target = 95EA0CF72F0524A4007BD420 /* SmartTaskInsightTracker */;
			targetProxy = 95EA0D0B2F0524A5007BD420 /* PBXContainerItemProxy */;
		};
		95EA0D162F0524A5007BD420 /* PBXTargetDependency */ = {
			isa = PBXTargetDependency;
			target = 95EA0CF72F0524A4007BD420 /* SmartTaskInsightTracker */;
			targetProxy = 95EA0D152F0524A5007BD420 /* PBXContainerItemProxy */;
		};
/* End PBXTargetDependency section */

/* Begin XCBuildConfiguration section */
		95EA0D1C2F0524A5007BD420 /* Debug */ = {
			isa = XCBuildConfiguration;
			baseConfigurationReferenceAnchor = 95EA0CFA2F0524A4007BD420 /* SmartTaskInsightTracker */;
			baseConfigurationReferenceRelativePath = Configs/Debug.xcconfig;
			buildSettings = {
				ALWAYS_SEARCH_USER_PATHS = NO;
				ASSETCATALOG_COMPILER_GENERATE_SWIFT_ASSET_SYMBOL_EXTENSIONS = YES;
				CLANG_ANALYZER_NONNULL = YES;
				CLANG_ANALYZER_NUMBER_OBJECT_CONVERSION = YES_AGGRESSIVE;
				CLANG_CXX_LANGUAGE_STANDARD = "gnu++20";
				CLANG_ENABLE_MODULES = YES;
				CLANG_ENABLE_OBJC_ARC = YES;
				CLANG_ENABLE_OBJC_WEAK = YES;
				CLANG_WARN_BLOCK_CAPTURE_AUTORELEASING = YES;
				CLANG_WARN_BOOL_CONVERSION = YES;
				CLANG_WARN_COMMA = YES;
				CLANG_WARN_CONSTANT_CONVERSION = YES;
				CLANG_WARN_DEPRECATED_OBJC_IMPLEMENTATIONS = YES;
				CLANG_WARN_DIRECT_OBJC_ISA_USAGE = YES_ERROR;
				CLANG_WARN_DOCUMENTATION_COMMENTS = YES;
				CLANG_WARN_EMPTY_BODY = YES;
				CLANG_WARN_ENUM_CONVERSION = YES;
				CLANG_WARN_INFINITE_RECURSION = YES;
				CLANG_WARN_INT_CONVERSION = YES;
				CLANG_WARN_NON_LITERAL_NULL_CONVERSION = YES;
				CLANG_WARN_OBJC_IMPLICIT_RETAIN_SELF = YES;
				CLANG_WARN_OBJC_LITERAL_CONVERSION = YES;
				CLANG_WARN_OBJC_ROOT_CLASS = YES_ERROR;
				CLANG_WARN_QUOTED_INCLUDE_IN_FRAMEWORK_HEADER = YES;
				CLANG_WARN_RANGE_LOOP_ANALYSIS = YES;
				CLANG_WARN_STRICT_PROTOTYPES = YES;
				CLANG_WARN_SUSPICIOUS_MOVE = YES;
				CLANG_WARN_UNGUARDED_AVAILABILITY = YES_AGGRESSIVE;
				CLANG_WARN_UNREACHABLE_CODE = YES;
				CLANG_WARN__DUPLICATE_METHOD_MATCH = YES;
				COPY_PHASE_STRIP = NO;
				DEBUG_INFORMATION_FORMAT = dwarf;
				DEVELOPMENT_TEAM = WV3DL6QLG2;
				ENABLE_STRICT_OBJC_MSGSEND = YES;
				ENABLE_TESTABILITY = YES;
				ENABLE_USER_SCRIPT_SANDBOXING = YES;
				GCC_C_LANGUAGE_STANDARD = gnu17;
				GCC_DYNAMIC_NO_PIC = NO;
				GCC_NO_COMMON_BLOCKS = YES;
				GCC_OPTIMIZATION_LEVEL = 0;
				GCC_PREPROCESSOR_DEFINITIONS = (
					"DEBUG=1",
					"$(inherited)",
				);
				GCC_WARN_64_TO_32_BIT_CONVERSION = YES;
				GCC_WARN_ABOUT_RETURN_TYPE = YES_ERROR;
				GCC_WARN_UNDECLARED_SELECTOR = YES;
				GCC_WARN_UNINITIALIZED_AUTOS = YES_AGGRESSIVE;
				GCC_WARN_UNUSED_FUNCTION = YES;
				GCC_WARN_UNUSED_VARIABLE = YES;
				IPHONEOS_DEPLOYMENT_TARGET = 18.5;
				LOCALIZATION_PREFERS_STRING_CATALOGS = YES;
				MTL_ENABLE_DEBUG_INFO = INCLUDE_SOURCE;
				MTL_FAST_MATH = YES;
				ONLY_ACTIVE_ARCH = YES;
				SDKROOT = iphoneos;
				SWIFT_ACTIVE_COMPILATION_CONDITIONS = "DEBUG $(inherited)";
				SWIFT_OPTIMIZATION_LEVEL = "-Onone";
			};
			name = Debug;
		};
		95EA0D1D2F0524A5007BD420 /* Release */ = {
			isa = XCBuildConfiguration;
			baseConfigurationReferenceAnchor = 95EA0CFA2F0524A4007BD420 /* SmartTaskInsightTracker */;
			baseConfigurationReferenceRelativePath = Configs/Release.xcconfig;
			buildSettings = {
				ALWAYS_SEARCH_USER_PATHS = NO;
				ASSETCATALOG_COMPILER_GENERATE_SWIFT_ASSET_SYMBOL_EXTENSIONS = YES;
				CLANG_ANALYZER_NONNULL = YES;
				CLANG_ANALYZER_NUMBER_OBJECT_CONVERSION = YES_AGGRESSIVE;
				CLANG_CXX_LANGUAGE_STANDARD = "gnu++20";
				CLANG_ENABLE_MODULES = YES;
				CLANG_ENABLE_OBJC_ARC = YES;
				CLANG_ENABLE_OBJC_WEAK = YES;
				CLANG_WARN_BLOCK_CAPTURE_AUTORELEASING = YES;
				CLANG_WARN_BOOL_CONVERSION = YES;
				CLANG_WARN_COMMA = YES;
				CLANG_WARN_CONSTANT_CONVERSION = YES;
				CLANG_WARN_DEPRECATED_OBJC_IMPLEMENTATIONS = YES;
				CLANG_WARN_DIRECT_OBJC_ISA_USAGE = YES_ERROR;
				CLANG_WARN_DOCUMENTATION_COMMENTS = YES;
				CLANG_WARN_EMPTY_BODY = YES;
				CLANG_WARN_ENUM_CONVERSION = YES;
				CLANG_WARN_INFINITE_RECURSION = YES;
				CLANG_WARN_INT_CONVERSION = YES;
				CLANG_WARN_NON_LITERAL_NULL_CONVERSION = YES;
				CLANG_WARN_OBJC_IMPLICIT_RETAIN_SELF = YES;
				CLANG_WARN_OBJC_LITERAL_CONVERSION = YES;
				CLANG_WARN_OBJC_ROOT_CLASS = YES_ERROR;
				CLANG_WARN_QUOTED_INCLUDE_IN_FRAMEWORK_HEADER = YES;
				CLANG_WARN_RANGE_LOOP_ANALYSIS = YES;
				CLANG_WARN_STRICT_PROTOTYPES = YES;
				CLANG_WARN_SUSPICIOUS_MOVE = YES;
				CLANG_WARN_UNGUARDED_AVAILABILITY = YES_AGGRESSIVE;
				CLANG_WARN_UNREACHABLE_CODE = YES;
				CLANG_WARN__DUPLICATE_METHOD_MATCH = YES;
				COPY_PHASE_STRIP = NO;
				DEBUG_INFORMATION_FORMAT = "dwarf-with-dsym";
				DEVELOPMENT_TEAM = WV3DL6QLG2;
				ENABLE_NS_ASSERTIONS = NO;
				ENABLE_STRICT_OBJC_MSGSEND = YES;
				ENABLE_USER_SCRIPT_SANDBOXING = YES;
				GCC_C_LANGUAGE_STANDARD = gnu17;
				GCC_NO_COMMON_BLOCKS = YES;
				GCC_WARN_64_TO_32_BIT_CONVERSION = YES;
				GCC_WARN_ABOUT_RETURN_TYPE = YES_ERROR;
				GCC_WARN_UNDECLARED_SELECTOR = YES;
				GCC_WARN_UNINITIALIZED_AUTOS = YES_AGGRESSIVE;
				GCC_WARN_UNUSED_FUNCTION = YES;
				GCC_WARN_UNUSED_VARIABLE = YES;
				IPHONEOS_DEPLOYMENT_TARGET = 18.5;
				LOCALIZATION_PREFERS_STRING_CATALOGS = YES;
				MTL_ENABLE_DEBUG_INFO = NO;
				MTL_FAST_MATH = YES;
				SDKROOT = iphoneos;
				SWIFT_COMPILATION_MODE = wholemodule;
				VALIDATE_PRODUCT = YES;
			};
			name = Release;
		};
		95EA0D1F2F0524A5007BD420 /* Debug */ = {
			isa = XCBuildConfiguration;
			buildSettings = {
				ASSETCATALOG_COMPILER_APPICON_NAME = AppIcon;
				ASSETCATALOG_COMPILER_GLOBAL_ACCENT_COLOR_NAME = AccentColor;
				CODE_SIGN_STYLE = Automatic;
				CURRENT_PROJECT_VERSION = 1;
				DEVELOPMENT_TEAM = WV3DL6QLG2;
				ENABLE_PREVIEWS = YES;
				ENABLE_USER_SCRIPT_SANDBOXING = NO;
				GENERATE_INFOPLIST_FILE = YES;
				INFOPLIST_FILE = SmartTaskInsightTracker/Info.plist;
				INFOPLIST_KEY_UIApplicationSceneManifest_Generation = YES;
				INFOPLIST_KEY_UIApplicationSupportsIndirectInputEvents = YES;
				INFOPLIST_KEY_UILaunchScreen_Generation = YES;
				INFOPLIST_KEY_UISupportedInterfaceOrientations_iPad = "UIInterfaceOrientationPortrait UIInterfaceOrientationPortraitUpsideDown UIInterfaceOrientationLandscapeLeft UIInterfaceOrientationLandscapeRight";
				INFOPLIST_KEY_UISupportedInterfaceOrientations_iPhone = "UIInterfaceOrientationPortrait UIInterfaceOrientationLandscapeLeft UIInterfaceOrientationLandscapeRight";
				LD_RUNPATH_SEARCH_PATHS = (
					"$(inherited)",
					"@executable_path/Frameworks",
				);
				MARKETING_VERSION = 1.0;
				PRODUCT_BUNDLE_IDENTIFIER = com.sample.SmartTaskInsightTracker;
				PRODUCT_NAME = "$(TARGET_NAME)";
				SWIFT_EMIT_LOC_STRINGS = YES;
				SWIFT_VERSION = 5.0;
				TARGETED_DEVICE_FAMILY = "1,2";
			};
			name = Debug;
		};
		95EA0D202F0524A5007BD420 /* Release */ = {
			isa = XCBuildConfiguration;
			buildSettings = {
				ASSETCATALOG_COMPILER_APPICON_NAME = AppIcon;
				ASSETCATALOG_COMPILER_GLOBAL_ACCENT_COLOR_NAME = AccentColor;
				CODE_SIGN_STYLE = Automatic;
				CURRENT_PROJECT_VERSION = 1;
				DEVELOPMENT_TEAM = WV3DL6QLG2;
				ENABLE_PREVIEWS = YES;
				ENABLE_USER_SCRIPT_SANDBOXING = NO;
				GENERATE_INFOPLIST_FILE = YES;
				INFOPLIST_FILE = SmartTaskInsightTracker/Info.plist;
				INFOPLIST_KEY_UIApplicationSceneManifest_Generation = YES;
				INFOPLIST_KEY_UIApplicationSupportsIndirectInputEvents = YES;
				INFOPLIST_KEY_UILaunchScreen_Generation = YES;
				INFOPLIST_KEY_UISupportedInterfaceOrientations_iPad = "UIInterfaceOrientationPortrait UIInterfaceOrientationPortraitUpsideDown UIInterfaceOrientationLandscapeLeft UIInterfaceOrientationLandscapeRight";
				INFOPLIST_KEY_UISupportedInterfaceOrientations_iPhone = "UIInterfaceOrientationPortrait UIInterfaceOrientationLandscapeLeft UIInterfaceOrientationLandscapeRight";
				LD_RUNPATH_SEARCH_PATHS = (
					"$(inherited)",
					"@executable_path/Frameworks",
				);
				MARKETING_VERSION = 1.0;
				PRODUCT_BUNDLE_IDENTIFIER = com.sample.SmartTaskInsightTracker;
				PRODUCT_NAME = "$(TARGET_NAME)";
				SWIFT_EMIT_LOC_STRINGS = YES;
				SWIFT_VERSION = 5.0;
				TARGETED_DEVICE_FAMILY = "1,2";
			};
			name = Release;
		};
		95EA0D222F0524A5007BD420 /* Debug */ = {
			isa = XCBuildConfiguration;
			buildSettings = {
				BUNDLE_LOADER = "$(TEST_HOST)";
				CODE_SIGN_STYLE = Automatic;
				CURRENT_PROJECT_VERSION = 1;
				DEVELOPMENT_TEAM = WV3DL6QLG2;
				GENERATE_INFOPLIST_FILE = YES;
				IPHONEOS_DEPLOYMENT_TARGET = 18.5;
				MARKETING_VERSION = 1.0;
				PRODUCT_BUNDLE_IDENTIFIER = com.sample.SmartTaskInsightTrackerTests;
				PRODUCT_NAME = "$(TARGET_NAME)";
				SWIFT_EMIT_LOC_STRINGS = NO;
				SWIFT_VERSION = 5.0;
				TARGETED_DEVICE_FAMILY = "1,2";
				TEST_HOST = "$(BUILT_PRODUCTS_DIR)/SmartTaskInsightTracker.app/$(BUNDLE_EXECUTABLE_FOLDER_PATH)/SmartTaskInsightTracker";
			};
			name = Debug;
		};
		95EA0D232F0524A5007BD420 /* Release */ = {
			isa = XCBuildConfiguration;
			buildSettings = {
				BUNDLE_LOADER = "$(TEST_HOST)";
				CODE_SIGN_STYLE = Automatic;
				CURRENT_PROJECT_VERSION = 1;
				DEVELOPMENT_TEAM = WV3DL6QLG2;
				GENERATE_INFOPLIST_FILE = YES;
				IPHONEOS_DEPLOYMENT_TARGET = 18.5;
				MARKETING_VERSION = 1.0;
				PRODUCT_BUNDLE_IDENTIFIER = com.sample.SmartTaskInsightTrackerTests;
				PRODUCT_NAME = "$(TARGET_NAME)";
				SWIFT_EMIT_LOC_STRINGS = NO;
				SWIFT_VERSION = 5.0;
				TARGETED_DEVICE_FAMILY = "1,2";
				TEST_HOST = "$(BUILT_PRODUCTS_DIR)/SmartTaskInsightTracker.app/$(BUNDLE_EXECUTABLE_FOLDER_PATH)/SmartTaskInsightTracker";
			};
			name = Release;
		};
		95EA0D252F0524A5007BD420 /* Debug */ = {
			isa = XCBuildConfiguration;
			buildSettings = {
				CODE_SIGN_STYLE = Automatic;
				CURRENT_PROJECT_VERSION = 1;
				DEVELOPMENT_TEAM = WV3DL6QLG2;
				GENERATE_INFOPLIST_FILE = YES;
				MARKETING_VERSION = 1.0;
				PRODUCT_BUNDLE_IDENTIFIER = com.sample.SmartTaskInsightTrackerUITests;
				PRODUCT_NAME = "$(TARGET_NAME)";
				SWIFT_EMIT_LOC_STRINGS = NO;
				SWIFT_VERSION = 5.0;
				TARGETED_DEVICE_FAMILY = "1,2";
				TEST_TARGET_NAME = SmartTaskInsightTracker;
			};
			name = Debug;
		};
		95EA0D262F0524A5007BD420 /* Release */ = {
			isa = XCBuildConfiguration;
			buildSettings = {
				CODE_SIGN_STYLE = Automatic;
				CURRENT_PROJECT_VERSION = 1;
				DEVELOPMENT_TEAM = WV3DL6QLG2;
				GENERATE_INFOPLIST_FILE = YES;
				MARKETING_VERSION = 1.0;
				PRODUCT_BUNDLE_IDENTIFIER = com.sample.SmartTaskInsightTrackerUITests;
				PRODUCT_NAME = "$(TARGET_NAME)";
				SWIFT_EMIT_LOC_STRINGS = NO;
				SWIFT_VERSION = 5.0;
				TARGETED_DEVICE_FAMILY = "1,2";
				TEST_TARGET_NAME = SmartTaskInsightTracker;
			};
			name = Release;
		};
/* End XCBuildConfiguration section */

/* Begin XCConfigurationList section */
		95EA0CF32F0524A4007BD420 /* Build configuration list for PBXProject "SmartTaskInsightTracker" */ = {
			isa = XCConfigurationList;
			buildConfigurations = (
				95EA0D1C2F0524A5007BD420 /* Debug */,
				95EA0D1D2F0524A5007BD420 /* Release */,
			);
			defaultConfigurationIsVisible = 0;
			defaultConfigurationName = Release;
		};
		95EA0D1E2F0524A5007BD420 /* Build configuration list for PBXNativeTarget "SmartTaskInsightTracker" */ = {
			isa = XCConfigurationList;
			buildConfigurations = (
				95EA0D1F2F0524A5007BD420 /* Debug */,
				95EA0D202F0524A5007BD420 /* Release */,
			);
			defaultConfigurationIsVisible = 0;
			defaultConfigurationName = Release;
		};
		95EA0D212F0524A5007BD420 /* Build configuration list for PBXNativeTarget "SmartTaskInsightTrackerTests" */ = {
			isa = XCConfigurationList;
			buildConfigurations = (
				95EA0D222F0524A5007BD420 /* Debug */,
				95EA0D232F0524A5007BD420 /* Release */,
			);
			defaultConfigurationIsVisible = 0;
			defaultConfigurationName = Release;
		};
		95EA0D242F0524A5007BD420 /* Build configuration list for PBXNativeTarget "SmartTaskInsightTrackerUITests" */ = {
			isa = XCConfigurationList;
			buildConfigurations = (
				95EA0D252F0524A5007BD420 /* Debug */,
				95EA0D262F0524A5007BD420 /* Release */,
			);
			defaultConfigurationIsVisible = 0;
			defaultConfigurationName = Release;
		};
/* End XCConfigurationList section */
	};
	rootObject = 95EA0CF02F0524A4007BD420 /* Project object */;
}
